# This file is automatically @generated by Poetry 1.7.1 and should not be changed by hand.

[[package]]
name = "amqp"
version = "5.0.5"
description = "Low-level AMQP client for Python (fork of amqplib)."
optional = false
python-versions = ">=3.6"
files = [
    {file = "amqp-5.0.5-py3-none-any.whl", hash = "sha256:1e759a7f202d910939de6eca45c23a107f6b71111f41d1282c648e9ac3d21901"},
    {file = "amqp-5.0.5.tar.gz", hash = "sha256:affdd263d8b8eb3c98170b78bf83867cdb6a14901d586e00ddb65bfe2f0c4e60"},
]

[package.dependencies]
vine = "5.0.0"

[[package]]
name = "asgiref"
version = "3.3.1"
description = "ASGI specs, helper code, and adapters"
optional = false
python-versions = ">=3.5"
files = [
    {file = "asgiref-3.3.1-py3-none-any.whl", hash = "sha256:5ee950735509d04eb673bd7f7120f8fa1c9e2df495394992c73234d526907e17"},
    {file = "asgiref-3.3.1.tar.gz", hash = "sha256:7162a3cb30ab0609f1a4c95938fd73e8604f63bdba516a7f7d64b83ff09478f0"},
]

[package.extras]
tests = ["pytest", "pytest-asyncio"]

[[package]]
name = "billiard"
version = "3.6.3.0"
description = "Python multiprocessing fork with improvements and bugfixes"
optional = false
python-versions = "*"
files = [
    {file = "billiard-3.6.3.0-py3-none-any.whl", hash = "sha256:bff575450859a6e0fbc2f9877d9b715b0bbc07c3565bb7ed2280526a0cdf5ede"},
    {file = "billiard-3.6.3.0.tar.gz", hash = "sha256:d91725ce6425f33a97dfa72fb6bfef0e47d4652acd98a032bd1a7fbf06d5fa6a"},
]

[[package]]
name = "black"
version = "21.9b0"
description = "The uncompromising code formatter."
optional = false
python-versions = ">=3.6.2"
files = [
    {file = "black-21.9b0-py3-none-any.whl", hash = "sha256:380f1b5da05e5a1429225676655dddb96f5ae8c75bdf91e53d798871b902a115"},
    {file = "black-21.9b0.tar.gz", hash = "sha256:7de4cfc7eb6b710de325712d40125689101d21d25283eed7e9998722cf10eb91"},
]

[package.dependencies]
click = ">=7.1.2"
mypy-extensions = ">=0.4.3"
pathspec = ">=0.9.0,<1"
platformdirs = ">=2"
regex = ">=2020.1.8"
tomli = ">=0.2.6,<2.0.0"
typing-extensions = [
    {version = ">=3.10.0.0,<3.10.0.1 || >3.10.0.1", markers = "python_version >= \"3.10\""},
    {version = ">=3.10.0.0", markers = "python_version < \"3.10\""},
]

[package.extras]
colorama = ["colorama (>=0.4.3)"]
d = ["aiohttp (>=3.6.0)", "aiohttp-cors (>=0.4.0)"]
jupyter = ["ipython (>=7.8.0)", "tokenize-rt (>=3.2.0)"]
python2 = ["typed-ast (>=1.4.2)"]
uvloop = ["uvloop (>=0.15.2)"]

[[package]]
name = "celery"
version = "5.0.5"
description = "Distributed Task Queue."
optional = false
python-versions = ">=3.6,"
files = [
    {file = "celery-5.0.5-py3-none-any.whl", hash = "sha256:5e8d364e058554e83bbb116e8377d90c79be254785f357cb2cec026e79febe13"},
    {file = "celery-5.0.5.tar.gz", hash = "sha256:f4efebe6f8629b0da2b8e529424de376494f5b7a743c321c8a2ddc2b1414921c"},
]

[package.dependencies]
billiard = ">=3.6.3.0,<4.0"
click = ">=7.0,<8.0"
click-didyoumean = ">=0.0.3"
click-plugins = ">=1.1.1"
click-repl = ">=0.1.6"
kombu = ">=5.0.0,<6.0"
pytz = ">0.0-dev"
vine = ">=5.0.0,<6.0"

[package.extras]
arangodb = ["pyArango (>=1.3.2)"]
auth = ["cryptography"]
azureblockblob = ["azure-common (==1.1.5)", "azure-storage (==0.36.0)", "azure-storage-common (==1.1.0)"]
brotli = ["brotli (>=1.0.0)", "brotlipy (>=0.7.0)"]
cassandra = ["cassandra-driver (<3.21.0)"]
consul = ["python-consul"]
cosmosdbsql = ["pydocumentdb (==2.3.2)"]
couchbase = ["couchbase (>=3.0.0)"]
couchdb = ["pycouchdb"]
django = ["Django (>=1.11)"]
dynamodb = ["boto3 (>=1.9.178)"]
elasticsearch = ["elasticsearch"]
eventlet = ["eventlet (>=0.26.1)"]
gevent = ["gevent (>=1.0.0)"]
librabbitmq = ["librabbitmq (>=1.5.0)"]
lzma = ["backports.lzma"]
memcache = ["pylibmc"]
mongodb = ["pymongo[srv] (>=3.3.0)"]
msgpack = ["msgpack"]
pymemcache = ["python-memcached"]
pyro = ["pyro4"]
pytest = ["pytest-celery"]
redis = ["redis (>=3.2.0)"]
s3 = ["boto3 (>=1.9.125)"]
slmq = ["softlayer-messaging (>=1.0.3)"]
solar = ["ephem"]
sqlalchemy = ["sqlalchemy"]
sqs = ["boto3 (>=1.9.125)", "pycurl (==7.43.0.5)"]
tblib = ["tblib (>=1.3.0)", "tblib (>=1.5.0)"]
yaml = ["PyYAML (>=3.10)"]
zookeeper = ["kazoo (>=1.3.1)"]
zstd = ["zstandard"]

[[package]]
name = "click"
version = "7.1.2"
description = "Composable command line interface toolkit"
optional = false
python-versions = ">=2.7, !=3.0.*, !=3.1.*, !=3.2.*, !=3.3.*, !=3.4.*"
files = [
    {file = "click-7.1.2-py2.py3-none-any.whl", hash = "sha256:dacca89f4bfadd5de3d7489b7c8a566eee0d3676333fbb50030263894c38c0dc"},
    {file = "click-7.1.2.tar.gz", hash = "sha256:d2b5255c7c6349bc1bd1e59e08cd12acbbd63ce649f2588755783aa94dfb6b1a"},
]

[[package]]
name = "click-didyoumean"
version = "0.0.3"
description = "Enable git-like did-you-mean feature in click."
optional = false
python-versions = "*"
files = [
    {file = "click-didyoumean-0.0.3.tar.gz", hash = "sha256:112229485c9704ff51362fe34b2d4f0b12fc71cc20f6d2b3afabed4b8bfa6aeb"},
]

[package.dependencies]
click = "*"

[[package]]
name = "click-plugins"
version = "1.1.1"
description = "An extension module for click to enable registering CLI commands via setuptools entry-points."
optional = false
python-versions = "*"
files = [
    {file = "click-plugins-1.1.1.tar.gz", hash = "sha256:46ab999744a9d831159c3411bb0c79346d94a444df9a3a3742e9ed63645f264b"},
    {file = "click_plugins-1.1.1-py2.py3-none-any.whl", hash = "sha256:5d262006d3222f5057fd81e1623d4443e41dcda5dc815c06b442aa3c02889fc8"},
]

[package.dependencies]
click = ">=4.0"

[package.extras]
dev = ["coveralls", "pytest (>=3.6)", "pytest-cov", "wheel"]

[[package]]
name = "click-repl"
version = "0.1.6"
description = "REPL plugin for Click"
optional = false
python-versions = "*"
files = [
    {file = "click-repl-0.1.6.tar.gz", hash = "sha256:b9f29d52abc4d6059f8e276132a111ab8d94980afe6a5432b9d996544afa95d5"},
    {file = "click_repl-0.1.6-py3-none-any.whl", hash = "sha256:9c4c3d022789cae912aad8a3f5e1d7c2cdd016ee1225b5212ad3e8691563cda5"},
]

[package.dependencies]
click = "*"
prompt-toolkit = "*"
six = "*"

[[package]]
name = "django"
version = "3.1.6"
description = "A high-level Python Web framework that encourages rapid development and clean, pragmatic design."
optional = false
python-versions = ">=3.6"
files = [
    {file = "Django-3.1.6-py3-none-any.whl", hash = "sha256:169e2e7b4839a7910b393eec127fd7cbae62e80fa55f89c6510426abf673fe5f"},
    {file = "Django-3.1.6.tar.gz", hash = "sha256:c6c0462b8b361f8691171af1fb87eceb4442da28477e12200c40420176206ba7"},
]

[package.dependencies]
asgiref = ">=3.2.10,<4"
pytz = "*"
sqlparse = ">=0.2.2"

[package.extras]
argon2 = ["argon2-cffi (>=16.1.0)"]
bcrypt = ["bcrypt"]

[[package]]
name = "django-types"
version = "0.3.1"
description = "Type stubs for Django"
optional = false
python-versions = ">=3.7,<4.0"
files = [
    {file = "django-types-0.3.1.tar.gz", hash = "sha256:2bf338bd897470d635e0c61e74213082d8a4b1b607105101988b20b1e8675cd3"},
    {file = "django_types-0.3.1-py3-none-any.whl", hash = "sha256:f6d1c7e8d0380edfaee2dcccdad51975897fc493df2278076d651fee03b5b8ed"},
]

[[package]]
name = "kombu"
version = "5.0.2"
description = "Messaging library for Python."
optional = false
python-versions = ">=3.6"
files = [
    {file = "kombu-5.0.2-py2.py3-none-any.whl", hash = "sha256:6dc509178ac4269b0e66ab4881f70a2035c33d3a622e20585f965986a5182006"},
    {file = "kombu-5.0.2.tar.gz", hash = "sha256:f4965fba0a4718d47d470beeb5d6446e3357a62402b16c510b6a2f251e05ac3c"},
]

[package.dependencies]
amqp = ">=5.0.0,<6.0.0"

[package.extras]
azureservicebus = ["azure-servicebus (>=0.21.1)"]
azurestoragequeues = ["azure-storage-queue"]
consul = ["python-consul (>=0.6.0)"]
librabbitmq = ["librabbitmq (>=1.5.2)"]
mongodb = ["pymongo (>=3.3.0)"]
msgpack = ["msgpack"]
pyro = ["pyro4"]
qpid = ["qpid-python (>=0.26)", "qpid-tools (>=0.26)"]
redis = ["redis (>=3.3.11)"]
slmq = ["softlayer-messaging (>=1.0.3)"]
sqlalchemy = ["sqlalchemy"]
sqs = ["boto3 (>=1.4.4)", "pycurl (==7.43.0.2)"]
yaml = ["PyYAML (>=3.10)"]
zookeeper = ["kazoo (>=1.3.1)"]

[[package]]
name = "mypy"
version = "1.2.0"
description = "Optional static typing for Python"
optional = false
python-versions = ">=3.7"
files = [
    {file = "mypy-1.2.0-cp310-cp310-macosx_10_9_x86_64.whl", hash = "sha256:701189408b460a2ff42b984e6bd45c3f41f0ac9f5f58b8873bbedc511900086d"},
    {file = "mypy-1.2.0-cp310-cp310-macosx_11_0_arm64.whl", hash = "sha256:fe91be1c51c90e2afe6827601ca14353bbf3953f343c2129fa1e247d55fd95ba"},
    {file = "mypy-1.2.0-cp310-cp310-manylinux_2_17_x86_64.manylinux2014_x86_64.whl", hash = "sha256:8d26b513225ffd3eacece727f4387bdce6469192ef029ca9dd469940158bc89e"},
    {file = "mypy-1.2.0-cp310-cp310-musllinux_1_1_x86_64.whl", hash = "sha256:3a2d219775a120581a0ae8ca392b31f238d452729adbcb6892fa89688cb8306a"},
    {file = "mypy-1.2.0-cp310-cp310-win_amd64.whl", hash = "sha256:2e93a8a553e0394b26c4ca683923b85a69f7ccdc0139e6acd1354cc884fe0128"},
    {file = "mypy-1.2.0-cp311-cp311-macosx_10_9_x86_64.whl", hash = "sha256:3efde4af6f2d3ccf58ae825495dbb8d74abd6d176ee686ce2ab19bd025273f41"},
    {file = "mypy-1.2.0-cp311-cp311-macosx_11_0_arm64.whl", hash = "sha256:695c45cea7e8abb6f088a34a6034b1d273122e5530aeebb9c09626cea6dca4cb"},
    {file = "mypy-1.2.0-cp311-cp311-manylinux_2_17_x86_64.manylinux2014_x86_64.whl", hash = "sha256:d0e9464a0af6715852267bf29c9553e4555b61f5904a4fc538547a4d67617937"},
    {file = "mypy-1.2.0-cp311-cp311-musllinux_1_1_x86_64.whl", hash = "sha256:8293a216e902ac12779eb7a08f2bc39ec6c878d7c6025aa59464e0c4c16f7eb9"},
    {file = "mypy-1.2.0-cp311-cp311-win_amd64.whl", hash = "sha256:f46af8d162f3d470d8ffc997aaf7a269996d205f9d746124a179d3abe05ac602"},
    {file = "mypy-1.2.0-cp37-cp37m-macosx_10_9_x86_64.whl", hash = "sha256:031fc69c9a7e12bcc5660b74122ed84b3f1c505e762cc4296884096c6d8ee140"},
    {file = "mypy-1.2.0-cp37-cp37m-manylinux_2_17_x86_64.manylinux2014_x86_64.whl", hash = "sha256:390bc685ec209ada4e9d35068ac6988c60160b2b703072d2850457b62499e336"},
    {file = "mypy-1.2.0-cp37-cp37m-musllinux_1_1_x86_64.whl", hash = "sha256:4b41412df69ec06ab141808d12e0bf2823717b1c363bd77b4c0820feaa37249e"},
    {file = "mypy-1.2.0-cp37-cp37m-win_amd64.whl", hash = "sha256:4e4a682b3f2489d218751981639cffc4e281d548f9d517addfd5a2917ac78119"},
    {file = "mypy-1.2.0-cp38-cp38-macosx_10_9_x86_64.whl", hash = "sha256:a197ad3a774f8e74f21e428f0de7f60ad26a8d23437b69638aac2764d1e06a6a"},
    {file = "mypy-1.2.0-cp38-cp38-macosx_11_0_arm64.whl", hash = "sha256:c9a084bce1061e55cdc0493a2ad890375af359c766b8ac311ac8120d3a472950"},
    {file = "mypy-1.2.0-cp38-cp38-manylinux_2_17_x86_64.manylinux2014_x86_64.whl", hash = "sha256:eaeaa0888b7f3ccb7bcd40b50497ca30923dba14f385bde4af78fac713d6d6f6"},
    {file = "mypy-1.2.0-cp38-cp38-musllinux_1_1_x86_64.whl", hash = "sha256:bea55fc25b96c53affab852ad94bf111a3083bc1d8b0c76a61dd101d8a388cf5"},
    {file = "mypy-1.2.0-cp38-cp38-win_amd64.whl", hash = "sha256:4c8d8c6b80aa4a1689f2a179d31d86ae1367ea4a12855cc13aa3ba24bb36b2d8"},
    {file = "mypy-1.2.0-cp39-cp39-macosx_10_9_x86_64.whl", hash = "sha256:70894c5345bea98321a2fe84df35f43ee7bb0feec117a71420c60459fc3e1eed"},
    {file = "mypy-1.2.0-cp39-cp39-macosx_11_0_arm64.whl", hash = "sha256:4a99fe1768925e4a139aace8f3fb66db3576ee1c30b9c0f70f744ead7e329c9f"},
    {file = "mypy-1.2.0-cp39-cp39-manylinux_2_17_x86_64.manylinux2014_x86_64.whl", hash = "sha256:023fe9e618182ca6317ae89833ba422c411469156b690fde6a315ad10695a521"},
    {file = "mypy-1.2.0-cp39-cp39-musllinux_1_1_x86_64.whl", hash = "sha256:4d19f1a239d59f10fdc31263d48b7937c585810288376671eaf75380b074f238"},
    {file = "mypy-1.2.0-cp39-cp39-win_amd64.whl", hash = "sha256:2de7babe398cb7a85ac7f1fd5c42f396c215ab3eff731b4d761d68d0f6a80f48"},
    {file = "mypy-1.2.0-py3-none-any.whl", hash = "sha256:d8e9187bfcd5ffedbe87403195e1fc340189a68463903c39e2b63307c9fa0394"},
    {file = "mypy-1.2.0.tar.gz", hash = "sha256:f70a40410d774ae23fcb4afbbeca652905a04de7948eaf0b1789c8d1426b72d1"},
]

[package.dependencies]
mypy-extensions = ">=1.0.0"
tomli = {version = ">=1.1.0", markers = "python_version < \"3.11\""}
typing-extensions = ">=3.10"

[package.extras]
dmypy = ["psutil (>=4.0)"]
install-types = ["pip"]
python2 = ["typed-ast (>=1.4.0,<2)"]
reports = ["lxml"]

[[package]]
name = "mypy-extensions"
version = "1.0.0"
description = "Type system extensions for programs checked with the mypy type checker."
optional = false
python-versions = ">=3.5"
files = [
    {file = "mypy_extensions-1.0.0-py3-none-any.whl", hash = "sha256:4392f6c0eb8a5668a69e23d168ffa70f0be9ccfd32b5cc2d26a34ae5b844552d"},
    {file = "mypy_extensions-1.0.0.tar.gz", hash = "sha256:75dbf8955dc00442a438fc4d0666508a9a97b6bd41aa2f0ffe9d2f2725af0782"},
]

[[package]]
name = "pathspec"
version = "0.9.0"
description = "Utility library for gitignore style pattern matching of file paths."
optional = false
python-versions = "!=3.0.*,!=3.1.*,!=3.2.*,!=3.3.*,!=3.4.*,>=2.7"
files = [
    {file = "pathspec-0.9.0-py2.py3-none-any.whl", hash = "sha256:7d15c4ddb0b5c802d161efc417ec1a2558ea2653c2e8ad9c19098201dc1c993a"},
    {file = "pathspec-0.9.0.tar.gz", hash = "sha256:e564499435a2673d586f6b2130bb5b95f04a3ba06f81b8f895b651a3c76aabb1"},
]

[[package]]
name = "platformdirs"
version = "2.5.1"
description = "A small Python module for determining appropriate platform-specific dirs, e.g. a \"user data dir\"."
optional = false
python-versions = ">=3.7"
files = [
    {file = "platformdirs-2.5.1-py3-none-any.whl", hash = "sha256:bcae7cab893c2d310a711b70b24efb93334febe65f8de776ee320b517471e227"},
    {file = "platformdirs-2.5.1.tar.gz", hash = "sha256:7535e70dfa32e84d4b34996ea99c5e432fa29a708d0f4e394bbcb2a8faa4f16d"},
]

[package.extras]
docs = ["Sphinx (>=4)", "furo (>=2021.7.5b38)", "proselint (>=0.10.2)", "sphinx-autodoc-typehints (>=1.12)"]
test = ["appdirs (==1.4.4)", "pytest (>=6)", "pytest-cov (>=2.7)", "pytest-mock (>=3.6)"]

[[package]]
name = "prompt-toolkit"
version = "3.0.14"
description = "Library for building powerful interactive command lines in Python"
optional = false
python-versions = ">=3.6.1"
files = [
    {file = "prompt_toolkit-3.0.14-py3-none-any.whl", hash = "sha256:c96b30925025a7635471dc083ffb6af0cc67482a00611bd81aeaeeeb7e5a5e12"},
    {file = "prompt_toolkit-3.0.14.tar.gz", hash = "sha256:7e966747c18ececaec785699626b771c1ba8344c8d31759a1915d6b12fad6525"},
]

[package.dependencies]
wcwidth = "*"

[[package]]
name = "pytz"
version = "2021.1"
description = "World timezone definitions, modern and historical"
optional = false
python-versions = "*"
files = [
    {file = "pytz-2021.1-py2.py3-none-any.whl", hash = "sha256:eb10ce3e7736052ed3623d49975ce333bcd712c7bb19a58b9e2089d4057d0798"},
    {file = "pytz-2021.1.tar.gz", hash = "sha256:83a4a90894bf38e243cf052c8b58f381bfe9a7a483f6a9cab140bc7f702ac4da"},
]

[[package]]
name = "regex"
version = "2020.11.13"
description = "Alternative regular expression module, to replace re."
optional = false
python-versions = "*"
files = [
    {file = "regex-2020.11.13-cp36-cp36m-macosx_10_9_x86_64.whl", hash = "sha256:8b882a78c320478b12ff024e81dc7d43c1462aa4a3341c754ee65d857a521f85"},
    {file = "regex-2020.11.13-cp36-cp36m-manylinux1_i686.whl", hash = "sha256:a63f1a07932c9686d2d416fb295ec2c01ab246e89b4d58e5fa468089cab44b70"},
    {file = "regex-2020.11.13-cp36-cp36m-manylinux1_x86_64.whl", hash = "sha256:6e4b08c6f8daca7d8f07c8d24e4331ae7953333dbd09c648ed6ebd24db5a10ee"},
    {file = "regex-2020.11.13-cp36-cp36m-manylinux2010_i686.whl", hash = "sha256:bba349276b126947b014e50ab3316c027cac1495992f10e5682dc677b3dfa0c5"},
    {file = "regex-2020.11.13-cp36-cp36m-manylinux2010_x86_64.whl", hash = "sha256:56e01daca75eae420bce184edd8bb341c8eebb19dd3bce7266332258f9fb9dd7"},
    {file = "regex-2020.11.13-cp36-cp36m-manylinux2014_aarch64.whl", hash = "sha256:6a8ce43923c518c24a2579fda49f093f1397dad5d18346211e46f134fc624e31"},
    {file = "regex-2020.11.13-cp36-cp36m-manylinux2014_i686.whl", hash = "sha256:1ab79fcb02b930de09c76d024d279686ec5d532eb814fd0ed1e0051eb8bd2daa"},
    {file = "regex-2020.11.13-cp36-cp36m-manylinux2014_x86_64.whl", hash = "sha256:9801c4c1d9ae6a70aeb2128e5b4b68c45d4f0af0d1535500884d644fa9b768c6"},
    {file = "regex-2020.11.13-cp36-cp36m-win32.whl", hash = "sha256:49cae022fa13f09be91b2c880e58e14b6da5d10639ed45ca69b85faf039f7a4e"},
    {file = "regex-2020.11.13-cp36-cp36m-win_amd64.whl", hash = "sha256:749078d1eb89484db5f34b4012092ad14b327944ee7f1c4f74d6279a6e4d1884"},
    {file = "regex-2020.11.13-cp37-cp37m-macosx_10_9_x86_64.whl", hash = "sha256:b2f4007bff007c96a173e24dcda236e5e83bde4358a557f9ccf5e014439eae4b"},
    {file = "regex-2020.11.13-cp37-cp37m-manylinux1_i686.whl", hash = "sha256:38c8fd190db64f513fe4e1baa59fed086ae71fa45083b6936b52d34df8f86a88"},
    {file = "regex-2020.11.13-cp37-cp37m-manylinux1_x86_64.whl", hash = "sha256:5862975b45d451b6db51c2e654990c1820523a5b07100fc6903e9c86575202a0"},
    {file = "regex-2020.11.13-cp37-cp37m-manylinux2010_i686.whl", hash = "sha256:262c6825b309e6485ec2493ffc7e62a13cf13fb2a8b6d212f72bd53ad34118f1"},
    {file = "regex-2020.11.13-cp37-cp37m-manylinux2010_x86_64.whl", hash = "sha256:bafb01b4688833e099d79e7efd23f99172f501a15c44f21ea2118681473fdba0"},
    {file = "regex-2020.11.13-cp37-cp37m-manylinux2014_aarch64.whl", hash = "sha256:e32f5f3d1b1c663af7f9c4c1e72e6ffe9a78c03a31e149259f531e0fed826512"},
    {file = "regex-2020.11.13-cp37-cp37m-manylinux2014_i686.whl", hash = "sha256:3bddc701bdd1efa0d5264d2649588cbfda549b2899dc8d50417e47a82e1387ba"},
    {file = "regex-2020.11.13-cp37-cp37m-manylinux2014_x86_64.whl", hash = "sha256:02951b7dacb123d8ea6da44fe45ddd084aa6777d4b2454fa0da61d569c6fa538"},
    {file = "regex-2020.11.13-cp37-cp37m-win32.whl", hash = "sha256:0d08e71e70c0237883d0bef12cad5145b84c3705e9c6a588b2a9c7080e5af2a4"},
    {file = "regex-2020.11.13-cp37-cp37m-win_amd64.whl", hash = "sha256:1fa7ee9c2a0e30405e21031d07d7ba8617bc590d391adfc2b7f1e8b99f46f444"},
    {file = "regex-2020.11.13-cp38-cp38-macosx_10_9_x86_64.whl", hash = "sha256:baf378ba6151f6e272824b86a774326f692bc2ef4cc5ce8d5bc76e38c813a55f"},
    {file = "regex-2020.11.13-cp38-cp38-manylinux1_i686.whl", hash = "sha256:e3faaf10a0d1e8e23a9b51d1900b72e1635c2d5b0e1bea1c18022486a8e2e52d"},
    {file = "regex-2020.11.13-cp38-cp38-manylinux1_x86_64.whl", hash = "sha256:2a11a3e90bd9901d70a5b31d7dd85114755a581a5da3fc996abfefa48aee78af"},
    {file = "regex-2020.11.13-cp38-cp38-manylinux2010_i686.whl", hash = "sha256:d1ebb090a426db66dd80df8ca85adc4abfcbad8a7c2e9a5ec7513ede522e0a8f"},
    {file = "regex-2020.11.13-cp38-cp38-manylinux2010_x86_64.whl", hash = "sha256:b2b1a5ddae3677d89b686e5c625fc5547c6e492bd755b520de5332773a8af06b"},
    {file = "regex-2020.11.13-cp38-cp38-manylinux2014_aarch64.whl", hash = "sha256:2c99e97d388cd0a8d30f7c514d67887d8021541b875baf09791a3baad48bb4f8"},
    {file = "regex-2020.11.13-cp38-cp38-manylinux2014_i686.whl", hash = "sha256:c084582d4215593f2f1d28b65d2a2f3aceff8342aa85afd7be23a9cad74a0de5"},
    {file = "regex-2020.11.13-cp38-cp38-manylinux2014_x86_64.whl", hash = "sha256:a3d748383762e56337c39ab35c6ed4deb88df5326f97a38946ddd19028ecce6b"},
    {file = "regex-2020.11.13-cp38-cp38-win32.whl", hash = "sha256:7913bd25f4ab274ba37bc97ad0e21c31004224ccb02765ad984eef43e04acc6c"},
    {file = "regex-2020.11.13-cp38-cp38-win_amd64.whl", hash = "sha256:6c54ce4b5d61a7129bad5c5dc279e222afd00e721bf92f9ef09e4fae28755683"},
    {file = "regex-2020.11.13-cp39-cp39-macosx_10_9_x86_64.whl", hash = "sha256:1862a9d9194fae76a7aaf0150d5f2a8ec1da89e8b55890b1786b8f88a0f619dc"},
    {file = "regex-2020.11.13-cp39-cp39-manylinux1_i686.whl", hash = "sha256:4902e6aa086cbb224241adbc2f06235927d5cdacffb2425c73e6570e8d862364"},
    {file = "regex-2020.11.13-cp39-cp39-manylinux1_x86_64.whl", hash = "sha256:7a25fcbeae08f96a754b45bdc050e1fb94b95cab046bf56b016c25e9ab127b3e"},
    {file = "regex-2020.11.13-cp39-cp39-manylinux2010_i686.whl", hash = "sha256:d2d8ce12b7c12c87e41123997ebaf1a5767a5be3ec545f64675388970f415e2e"},
    {file = "regex-2020.11.13-cp39-cp39-manylinux2010_x86_64.whl", hash = "sha256:f7d29a6fc4760300f86ae329e3b6ca28ea9c20823df123a2ea8693e967b29917"},
    {file = "regex-2020.11.13-cp39-cp39-manylinux2014_aarch64.whl", hash = "sha256:717881211f46de3ab130b58ec0908267961fadc06e44f974466d1887f865bd5b"},
    {file = "regex-2020.11.13-cp39-cp39-manylinux2014_i686.whl", hash = "sha256:3128e30d83f2e70b0bed9b2a34e92707d0877e460b402faca908c6667092ada9"},
    {file = "regex-2020.11.13-cp39-cp39-manylinux2014_x86_64.whl", hash = "sha256:8f6a2229e8ad946e36815f2a03386bb8353d4bde368fdf8ca5f0cb97264d3b5c"},
    {file = "regex-2020.11.13-cp39-cp39-win32.whl", hash = "sha256:f8f295db00ef5f8bae530fc39af0b40486ca6068733fb860b42115052206466f"},
    {file = "regex-2020.11.13-cp39-cp39-win_amd64.whl", hash = "sha256:a15f64ae3a027b64496a71ab1f722355e570c3fac5ba2801cafce846bf5af01d"},
    {file = "regex-2020.11.13.tar.gz", hash = "sha256:83d6b356e116ca119db8e7c6fc2983289d87b27b3fac238cfe5dca529d884562"},
]

[[package]]
name = "ruff"
version = "0.0.261"
description = "An extremely fast Python linter, written in Rust."
optional = false
python-versions = ">=3.7"
files = [
    {file = "ruff-0.0.261-py3-none-macosx_10_7_x86_64.whl", hash = "sha256:6624a966c4a21110cee6780333e2216522a831364896f3d98f13120936eff40a"},
    {file = "ruff-0.0.261-py3-none-macosx_10_9_x86_64.macosx_11_0_arm64.macosx_10_9_universal2.whl", hash = "sha256:2dba68a9e558ab33e6dd5d280af798a2d9d3c80c913ad9c8b8e97d7b287f1cc9"},
    {file = "ruff-0.0.261-py3-none-manylinux_2_17_aarch64.manylinux2014_aarch64.whl", hash = "sha256:8dbd0cee5a81b0785dc0feeb2640c1e31abe93f0d77c5233507ac59731a626f1"},
    {file = "ruff-0.0.261-py3-none-manylinux_2_17_armv7l.manylinux2014_armv7l.whl", hash = "sha256:581e64fa1518df495ca890a605ee65065101a86db56b6858f848bade69fc6489"},
    {file = "ruff-0.0.261-py3-none-manylinux_2_17_i686.manylinux2014_i686.whl", hash = "sha256:cc970f6ece0b4950e419f0252895ee42e9e8e5689c6494d18f5dc2c6ebb7f798"},
    {file = "ruff-0.0.261-py3-none-manylinux_2_17_ppc64.manylinux2014_ppc64.whl", hash = "sha256:8fa98e747e0fe185d65a40b0ea13f55c492f3b5f9a032a1097e82edaddb9e52e"},
    {file = "ruff-0.0.261-py3-none-manylinux_2_17_ppc64le.manylinux2014_ppc64le.whl", hash = "sha256:f268d52a71bf410aa45c232870c17049df322a7d20e871cfe622c9fc784aab7b"},
    {file = "ruff-0.0.261-py3-none-manylinux_2_17_s390x.manylinux2014_s390x.whl", hash = "sha256:d1293acc64eba16a11109678dc4743df08c207ed2edbeaf38b3e10eb2597321b"},
    {file = "ruff-0.0.261-py3-none-manylinux_2_17_x86_64.manylinux2014_x86_64.whl", hash = "sha256:d95596e2f4cafead19a6d1ec0b86f8fda45ba66fe934de3956d71146a87959b3"},
    {file = "ruff-0.0.261-py3-none-musllinux_1_2_aarch64.whl", hash = "sha256:4bcec45abdf65c1328a269cf6cc193f7ff85b777fa2865c64cf2c96b80148a2c"},
    {file = "ruff-0.0.261-py3-none-musllinux_1_2_armv7l.whl", hash = "sha256:6c5f397ec0af42a434ad4b6f86565027406c5d0d0ebeea0d5b3f90c4bf55bc82"},
    {file = "ruff-0.0.261-py3-none-musllinux_1_2_i686.whl", hash = "sha256:39abd02342cec0c131b2ddcaace08b2eae9700cab3ca7dba64ae5fd4f4881bd0"},
    {file = "ruff-0.0.261-py3-none-musllinux_1_2_x86_64.whl", hash = "sha256:aaa4f52a6e513f8daa450dac4859e80390d947052f592f0d8e796baab24df2fc"},
    {file = "ruff-0.0.261-py3-none-win32.whl", hash = "sha256:daff64b4e86e42ce69e6367d63aab9562fc213cd4db0e146859df8abc283dba0"},
    {file = "ruff-0.0.261-py3-none-win_amd64.whl", hash = "sha256:0fbc689c23609edda36169c8708bb91bab111d8f44cb4a88330541757770ab30"},
    {file = "ruff-0.0.261-py3-none-win_arm64.whl", hash = "sha256:d2eddc60ae75fc87f8bb8fd6e8d5339cf884cd6de81e82a50287424309c187ba"},
    {file = "ruff-0.0.261.tar.gz", hash = "sha256:c1c715b0d1e18f9c509d7c411ca61da3543a4aa459325b1b1e52b8301d65c6d2"},
]

[[package]]
name = "six"
version = "1.15.0"
description = "Python 2 and 3 compatibility utilities"
optional = false
python-versions = ">=2.7, !=3.0.*, !=3.1.*, !=3.2.*"
files = [
    {file = "six-1.15.0-py2.py3-none-any.whl", hash = "sha256:8b74bedcbbbaca38ff6d7491d76f2b06b3592611af620f8426e82dddb04a5ced"},
    {file = "six-1.15.0.tar.gz", hash = "sha256:30639c035cdb23534cd4aa2dd52c3bf48f06e5f4a941509c8bafd8ce11080259"},
]

[[package]]
name = "sqlparse"
version = "0.4.1"
description = "A non-validating SQL parser."
optional = false
python-versions = ">=3.5"
files = [
    {file = "sqlparse-0.4.1-py3-none-any.whl", hash = "sha256:017cde379adbd6a1f15a61873f43e8274179378e95ef3fede90b5aa64d304ed0"},
    {file = "sqlparse-0.4.1.tar.gz", hash = "sha256:0f91fd2e829c44362cbcfab3e9ae12e22badaa8a29ad5ff599f9ec109f0454e8"},
]

[[package]]
name = "toml-cli"
version = "0.5.0"
description = "Command line interface to read and write keys/values to/from toml files"
optional = false
python-versions = ">=3.7"
files = [
    {file = "toml_cli-0.5.0-py3-none-any.whl", hash = "sha256:1c74d950d018c7570513f570d180c030cc9200b37f8039898b2051c5993fc16a"},
    {file = "toml_cli-0.5.0.tar.gz", hash = "sha256:11599eb9c601c489e5bd2de1660facd98be0f639684866c688920f981390da71"},
]

[package.dependencies]
regex = ">=2020.7.14"
tomlkit = ">=0.7.2"
typer = ">=0.3.2"

[[package]]
name = "tomli"
version = "1.2.3"
description = "A lil' TOML parser"
optional = false
python-versions = ">=3.6"
files = [
    {file = "tomli-1.2.3-py3-none-any.whl", hash = "sha256:e3069e4be3ead9668e21cb9b074cd948f7b3113fd9c8bba083f48247aab8b11c"},
    {file = "tomli-1.2.3.tar.gz", hash = "sha256:05b6166bff487dc068d322585c7ea4ef78deed501cc124060e0f238e89a9231f"},
]

[[package]]
name = "tomlkit"
version = "0.12.1"
description = "Style preserving TOML library"
optional = false
python-versions = ">=3.7"
files = [
    {file = "tomlkit-0.12.1-py3-none-any.whl", hash = "sha256:712cbd236609acc6a3e2e97253dfc52d4c2082982a88f61b640ecf0817eab899"},
    {file = "tomlkit-0.12.1.tar.gz", hash = "sha256:38e1ff8edb991273ec9f6181244a6a391ac30e9f5098e7535640ea6be97a7c86"},
]

[[package]]
name = "typer"
version = "0.9.0"
description = "Typer, build great CLIs. Easy to code. Based on Python type hints."
optional = false
python-versions = ">=3.6"
files = [
    {file = "typer-0.9.0-py3-none-any.whl", hash = "sha256:5d96d986a21493606a358cae4461bd8cdf83cbf33a5aa950ae629ca3b51467ee"},
    {file = "typer-0.9.0.tar.gz", hash = "sha256:50922fd79aea2f4751a8e0408ff10d2662bd0c8bbfa84755a699f3bada2978b2"},
]

[package.dependencies]
click = ">=7.1.1,<9.0.0"
typing-extensions = ">=3.7.4.3"

[package.extras]
all = ["colorama (>=0.4.3,<0.5.0)", "rich (>=10.11.0,<14.0.0)", "shellingham (>=1.3.0,<2.0.0)"]
dev = ["autoflake (>=1.3.1,<2.0.0)", "flake8 (>=3.8.3,<4.0.0)", "pre-commit (>=2.17.0,<3.0.0)"]
doc = ["cairosvg (>=2.5.2,<3.0.0)", "mdx-include (>=1.4.1,<2.0.0)", "mkdocs (>=1.1.2,<2.0.0)", "mkdocs-material (>=8.1.4,<9.0.0)", "pillow (>=9.3.0,<10.0.0)"]
test = ["black (>=22.3.0,<23.0.0)", "coverage (>=6.2,<7.0)", "isort (>=5.0.6,<6.0.0)", "mypy (==0.910)", "pytest (>=4.4.0,<8.0.0)", "pytest-cov (>=2.10.0,<5.0.0)", "pytest-sugar (>=0.9.4,<0.10.0)", "pytest-xdist (>=1.32.0,<4.0.0)", "rich (>=10.11.0,<14.0.0)", "shellingham (>=1.3.0,<2.0.0)"]

[[package]]
name = "typing-extensions"
version = "4.9.0"
description = "Backported and Experimental Type Hints for Python 3.8+"
optional = false
python-versions = ">=3.8"
files = [
    {file = "typing_extensions-4.9.0-py3-none-any.whl", hash = "sha256:af72aea155e91adfc61c3ae9e0e342dbc0cba726d6cba4b6c72c1f34e47291cd"},
    {file = "typing_extensions-4.9.0.tar.gz", hash = "sha256:23478f88c37f27d76ac8aee6c905017a143b0b1b886c3c9f66bc2fd94f9f5783"},
]

[[package]]
name = "vine"
version = "5.0.0"
description = "Promises, promises, promises."
optional = false
python-versions = ">=3.6"
files = [
    {file = "vine-5.0.0-py2.py3-none-any.whl", hash = "sha256:4c9dceab6f76ed92105027c49c823800dd33cacce13bdedc5b914e3514b7fb30"},
    {file = "vine-5.0.0.tar.gz", hash = "sha256:7d3b1624a953da82ef63462013bbd271d3eb75751489f9807598e8f340bd637e"},
]

[[package]]
name = "wcwidth"
version = "0.2.5"
description = "Measures the displayed width of unicode strings in a terminal"
optional = false
python-versions = "*"
files = [
    {file = "wcwidth-0.2.5-py2.py3-none-any.whl", hash = "sha256:beb4802a9cebb9144e99086eff703a642a13d6a0052920003a230f3294bbe784"},
    {file = "wcwidth-0.2.5.tar.gz", hash = "sha256:c4d647b99872929fdb7bdcaa4fbe7f01413ed3d98077df798530e5b04f116c83"},
]

[metadata]
lock-version = "2.0"
python-versions = "^3.9"
content-hash = "2dc3aea16bb1d0cbe22d83e621677f473d563453890ab059b02a674dac64ed54"
