# THIS IS AN AUTOGENERATED FILE. DO NOT EDIT THIS FILE DIRECTLY.
# yarn lockfile v1


pyright@^1.1.109:
  version "1.1.109"
  resolved "https://registry.yarnpkg.com/pyright/-/pyright-1.1.109.tgz#20803e9e710b1885826911dbfe5ca5518e05f5bb"
  integrity sha512-CAaPMKMmeucbbaDLADjhtOdr/KEKknALovBlGh+VbFqAVta1rxrytiIzF2V6xKWx0QpKdkRixkItSa8rTWalnw==
