# THIS IS AN AUTOGENERATED FILE. DO NOT EDIT THIS FILE DIRECTLY.
# yarn lockfile v1


pyright@^1.1.183:
  version "1.1.183"
  resolved "https://registry.yarnpkg.com/pyright/-/pyright-1.1.183.tgz#25871ba4330f06448f948fcc30ef8c91ced4f55b"
  integrity sha512-g9AfFom560UujVWfhRYSJCVGEB2uEqG9wf7wmUTcxUV8uTTvZFq+md3PHLXRlXCQtFZcvZRe1lZldGp0Lpeo2A==
